
Microsoft Visual Studio Solution File, Format Version 12.00
# Visual Studio Version 17
VisualStudioVersion = 17.5.002.0
MinimumVisualStudioVersion = 10.0.40219.1
Project("{9A19103F-16F7-4668-BE54-9A1E7A4F7556}") = "InfinitRunnerSarah", "InfinitRunnerSarah\InfinitRunnerSarah.csproj", "{3B98C37D-CE66-4D2C-89DA-C3C3109B2CEE}"
EndProject
Global
	GlobalSection(SolutionConfigurationPlatforms) = preSolution
		Debug|Any CPU = Debug|Any CPU
		Release|Any CPU = Release|Any CPU
	EndGlobalSection
	GlobalSection(ProjectConfigurationPlatforms) = postSolution
		{3B98C37D-CE66-4D2C-89DA-C3C3109B2CEE}.Debug|Any CPU.ActiveCfg = Debug|Any CPU
		{3B98C37D-CE66-4D2C-89DA-C3C3109B2CEE}.Debug|Any CPU.Build.0 = Debug|Any CPU
		{3B98C37D-CE66-4D2C-89DA-C3C3109B2CEE}.Release|Any CPU.ActiveCfg = Release|Any CPU
		{3B98C37D-CE66-4D2C-89DA-C3C3109B2CEE}.Release|Any CPU.Build.0 = Release|Any CPU
	EndGlobalSection
	GlobalSection(SolutionProperties) = preSolution
		HideSolutionNode = FALSE
	EndGlobalSection
	GlobalSection(ExtensibilityGlobals) = postSolution
		SolutionGuid = {18428567-D347-4515-A317-40D04305DEE1}
	EndGlobalSection
EndGlobal
